
Microsoft Visual Studio Solution File, Format Version 12.00
# Visual Studio Version 17
VisualStudioVersion = 17.9.34622.214
MinimumVisualStudioVersion = 10.0.40219.1
Project("{FAE04EC0-301F-11D3-BF4B-00C04F79EFBC}") = "Praeclarum Tech", "Praeclarum Tech\Praeclarum Tech.csproj", "{D2CC6755-6345-425D-B63F-EF6D4127C482}"
EndProject
Global
	GlobalSection(SolutionConfigurationPlatforms) = preSolution
		Debug|Any CPU = Debug|Any CPU
		Release|Any CPU = Release|Any CPU
	EndGlobalSection
	GlobalSection(ProjectConfigurationPlatforms) = postSolution
		{D2CC6755-6345-425D-B63F-EF6D4127C482}.Debug|Any CPU.ActiveCfg = Debug|Any CPU
		{D2CC6755-6345-425D-B63F-EF6D4127C482}.Debug|Any CPU.Build.0 = Debug|Any CPU
		{D2CC6755-6345-425D-B63F-EF6D4127C482}.Release|Any CPU.ActiveCfg = Release|Any CPU
		{D2CC6755-6345-425D-B63F-EF6D4127C482}.Release|Any CPU.Build.0 = Release|Any CPU
	EndGlobalSection
	GlobalSection(SolutionProperties) = preSolution
		HideSolutionNode = FALSE
	EndGlobalSection
	GlobalSection(ExtensibilityGlobals) = postSolution
		SolutionGuid = {AE84BD60-6456-48EF-B808-5C8CE2C85AB2}
	EndGlobalSection
EndGlobal
